# This file was autogenerated by Stack.
# You should not edit this file by hand.
# For more information, please see the documentation at:
#   https://docs.haskellstack.org/en/stable/topics/lock_files

packages:
- completed:
    hackage: bizzlelude-4.20.2.0.1@sha256:5e84ac443f41030c918c5cf1ddf1c3c3acdc9c385aaf10ed908022d3c118ca01,7378
    pantry-tree:
      sha256: ac601e92c3212f9e45573f9eb30bbe9b6df302b99c2f957b526520496c640d07
      size: 533
  original:
    hackage: bizzlelude-4.20.2.0.1@sha256:5e84ac443f41030c918c5cf1ddf1c3c3acdc9c385aaf10ed908022d3c118ca01,7378
snapshots:
- completed:
    sha256: 92becf9417de918f477cc79583b70700cbead6c5028fc4c4415f04fab5fb5354
    size: 726332
    url: https://raw.githubusercontent.com/commercialhaskell/stackage-snapshots/master/lts/24/20.yaml
  original: lts-24.20
